
Microsoft Visual Studio Solution File, Format Version 12.00
# Visual Studio Version 17
VisualStudioVersion = 17.11.35327.3
MinimumVisualStudioVersion = 10.0.40219.1
Project("{FAE04EC0-301F-11D3-BF4B-00C04F79EFBC}") = "tumakov_lab_2", "tumakov_lab_2\tumakov_lab_2.csproj", "{01A4BC2B-7A4C-4E68-AEB2-4C951B239687}"
EndProject
Project("{FAE04EC0-301F-11D3-BF4B-00C04F79EFBC}") = "file_dz2", "file_dz2\file_dz2.csproj", "{DED96F37-B97D-442F-B441-3A62B99DD25B}"
EndProject
Global
	GlobalSection(SolutionConfigurationPlatforms) = preSolution
		Debug|Any CPU = Debug|Any CPU
		Release|Any CPU = Release|Any CPU
	EndGlobalSection
	GlobalSection(ProjectConfigurationPlatforms) = postSolution
		{01A4BC2B-7A4C-4E68-AEB2-4C951B239687}.Debug|Any CPU.ActiveCfg = Debug|Any CPU
		{01A4BC2B-7A4C-4E68-AEB2-4C951B239687}.Debug|Any CPU.Build.0 = Debug|Any CPU
		{01A4BC2B-7A4C-4E68-AEB2-4C951B239687}.Release|Any CPU.ActiveCfg = Release|Any CPU
		{01A4BC2B-7A4C-4E68-AEB2-4C951B239687}.Release|Any CPU.Build.0 = Release|Any CPU
		{DED96F37-B97D-442F-B441-3A62B99DD25B}.Debug|Any CPU.ActiveCfg = Debug|Any CPU
		{DED96F37-B97D-442F-B441-3A62B99DD25B}.Debug|Any CPU.Build.0 = Debug|Any CPU
		{DED96F37-B97D-442F-B441-3A62B99DD25B}.Release|Any CPU.ActiveCfg = Release|Any CPU
		{DED96F37-B97D-442F-B441-3A62B99DD25B}.Release|Any CPU.Build.0 = Release|Any CPU
	EndGlobalSection
	GlobalSection(SolutionProperties) = preSolution
		HideSolutionNode = FALSE
	EndGlobalSection
	GlobalSection(ExtensibilityGlobals) = postSolution
		SolutionGuid = {42469AB3-AD36-4E60-8F72-49DEEBA2F897}
	EndGlobalSection
EndGlobal
